
Microsoft Visual Studio Solution File, Format Version 12.00
# Visual Studio Version 17
VisualStudioVersion = 17.3.32901.215
MinimumVisualStudioVersion = 10.0.40219.1
Project("{FAE04EC0-301F-11D3-BF4B-00C04F79EFBC}") = "PR_5_6", "PR_5_6\PR_5_6.csproj", "{252DF991-DE1B-460D-BCF2-5B07D38052C3}"
EndProject
Global
	GlobalSection(SolutionConfigurationPlatforms) = preSolution
		Debug|Any CPU = Debug|Any CPU
		Release|Any CPU = Release|Any CPU
	EndGlobalSection
	GlobalSection(ProjectConfigurationPlatforms) = postSolution
		{252DF991-DE1B-460D-BCF2-5B07D38052C3}.Debug|Any CPU.ActiveCfg = Debug|Any CPU
		{252DF991-DE1B-460D-BCF2-5B07D38052C3}.Debug|Any CPU.Build.0 = Debug|Any CPU
		{252DF991-DE1B-460D-BCF2-5B07D38052C3}.Release|Any CPU.ActiveCfg = Release|Any CPU
		{252DF991-DE1B-460D-BCF2-5B07D38052C3}.Release|Any CPU.Build.0 = Release|Any CPU
	EndGlobalSection
	GlobalSection(SolutionProperties) = preSolution
		HideSolutionNode = FALSE
	EndGlobalSection
	GlobalSection(ExtensibilityGlobals) = postSolution
		SolutionGuid = {AD4674BB-511B-492E-8360-9E134E2F12BD}
	EndGlobalSection
EndGlobal
