
Microsoft Visual Studio Solution File, Format Version 12.00
# Visual Studio Version 17
VisualStudioVersion = 17.3.32819.101
MinimumVisualStudioVersion = 10.0.40219.1
Project("{FAE04EC0-301F-11D3-BF4B-00C04F79EFBC}") = "PR_3", "PR_3\PR_3.csproj", "{18241B6B-C858-4BD5-9BF2-CBDAA4D7F977}"
EndProject
Global
	GlobalSection(SolutionConfigurationPlatforms) = preSolution
		Debug|Any CPU = Debug|Any CPU
		Release|Any CPU = Release|Any CPU
	EndGlobalSection
	GlobalSection(ProjectConfigurationPlatforms) = postSolution
		{18241B6B-C858-4BD5-9BF2-CBDAA4D7F977}.Debug|Any CPU.ActiveCfg = Debug|Any CPU
		{18241B6B-C858-4BD5-9BF2-CBDAA4D7F977}.Debug|Any CPU.Build.0 = Debug|Any CPU
		{18241B6B-C858-4BD5-9BF2-CBDAA4D7F977}.Release|Any CPU.ActiveCfg = Release|Any CPU
		{18241B6B-C858-4BD5-9BF2-CBDAA4D7F977}.Release|Any CPU.Build.0 = Release|Any CPU
	EndGlobalSection
	GlobalSection(SolutionProperties) = preSolution
		HideSolutionNode = FALSE
	EndGlobalSection
	GlobalSection(ExtensibilityGlobals) = postSolution
		SolutionGuid = {458395C7-31DD-4553-9654-0C0230951F47}
	EndGlobalSection
EndGlobal
