
Microsoft Visual Studio Solution File, Format Version 12.00
# Visual Studio Version 17
VisualStudioVersion = 17.3.32819.101
MinimumVisualStudioVersion = 10.0.40219.1
Project("{FAE04EC0-301F-11D3-BF4B-00C04F79EFBC}") = "PR_2", "PR_2\PR_2.csproj", "{50FCD1AB-0FCF-4934-B2DF-916BF3A9C888}"
EndProject
Global
	GlobalSection(SolutionConfigurationPlatforms) = preSolution
		Debug|Any CPU = Debug|Any CPU
		Release|Any CPU = Release|Any CPU
	EndGlobalSection
	GlobalSection(ProjectConfigurationPlatforms) = postSolution
		{50FCD1AB-0FCF-4934-B2DF-916BF3A9C888}.Debug|Any CPU.ActiveCfg = Debug|Any CPU
		{50FCD1AB-0FCF-4934-B2DF-916BF3A9C888}.Debug|Any CPU.Build.0 = Debug|Any CPU
		{50FCD1AB-0FCF-4934-B2DF-916BF3A9C888}.Release|Any CPU.ActiveCfg = Release|Any CPU
		{50FCD1AB-0FCF-4934-B2DF-916BF3A9C888}.Release|Any CPU.Build.0 = Release|Any CPU
	EndGlobalSection
	GlobalSection(SolutionProperties) = preSolution
		HideSolutionNode = FALSE
	EndGlobalSection
	GlobalSection(ExtensibilityGlobals) = postSolution
		SolutionGuid = {B42AE2D5-5026-4190-BB2A-C128F4FA5B84}
	EndGlobalSection
EndGlobal
